// !$*UTF8*$!
{
	archiveVersion = 1;
	classes = {
	};
	objectVersion = 46;
	objects = {

/* Begin PBXBuildFile section */
		93D5227D1CE0EA0900A864B8 /* AppDelegate.swift in Sources */ = {isa = PBXBuildFile; fileRef = 93D5227C1CE0EA0900A864B8 /* AppDelegate.swift */; };
		93D5227F1CE0EA0900A864B8 /* ViewController.swift in Sources */ = {isa = PBXBuildFile; fileRef = 93D5227E1CE0EA0900A864B8 /* ViewController.swift */; };
		93D522821CE0EA0900A864B8 /* Main.storyboard in Resources */ = {isa = PBXBuildFile; fileRef = 93D522801CE0EA0900A864B8 /* Main.storyboard */; };
		93D522841CE0EA0900A864B8 /* Assets.xcassets in Resources */ = {isa = PBXBuildFile; fileRef = 93D522831CE0EA0900A864B8 /* Assets.xcassets */; };
		93D522871CE0EA0900A864B8 /* LaunchScreen.storyboard in Resources */ = {isa = PBXBuildFile; fileRef = 93D522851CE0EA0900A864B8 /* LaunchScreen.storyboard */; };
		93D522921CE0EA0900A864B8 /* bombTests.swift in Sources */ = {isa = PBXBuildFile; fileRef = 93D522911CE0EA0900A864B8 /* bombTests.swift */; };
		93D5229D1CE0EA0900A864B8 /* bombUITests.swift in Sources */ = {isa = PBXBuildFile; fileRef = 93D5229C1CE0EA0900A864B8 /* bombUITests.swift */; };
/* End PBXBuildFile section */

/* Begin PBXContainerItemProxy section */
		93D5228E1CE0EA0900A864B8 /* PBXContainerItemProxy */ = {
			isa = PBXContainerItemProxy;
			containerPortal = 93D522711CE0EA0800A864B8 /* Project object */;
			proxyType = 1;
			remoteGlobalIDString = 93D522781CE0EA0900A864B8;
			remoteInfo = bomb;
		};
		93D522991CE0EA0900A864B8 /* PBXContainerItemProxy */ = {
			isa = PBXContainerItemProxy;
			containerPortal = 93D522711CE0EA0800A864B8 /* Project object */;
			proxyType = 1;
			remoteGlobalIDString = 93D522781CE0EA0900A864B8;
			remoteInfo = bomb;
		};
/* End PBXContainerItemProxy section */

/* Begin PBXFileReference section */
		93D522791CE0EA0900A864B8 /* bomb.app */ = {isa = PBXFileReference; explicitFileType = wrapper.application; includeInIndex = 0; path = bomb.app; sourceTree = BUILT_PRODUCTS_DIR; };
		93D5227C1CE0EA0900A864B8 /* AppDelegate.swift */ = {isa = PBXFileReference; lastKnownFileType = sourcecode.swift; path = AppDelegate.swift; sourceTree = "<group>"; };
		93D5227E1CE0EA0900A864B8 /* ViewController.swift */ = {isa = PBXFileReference; lastKnownFileType = sourcecode.swift; path = ViewController.swift; sourceTree = "<group>"; };
		93D522811CE0EA0900A864B8 /* Base */ = {isa = PBXFileReference; lastKnownFileType = file.storyboard; name = Base; path = Base.lproj/Main.storyboard; sourceTree = "<group>"; };
		93D522831CE0EA0900A864B8 /* Assets.xcassets */ = {isa = PBXFileReference; lastKnownFileType = folder.assetcatalog; path = Assets.xcassets; sourceTree = "<group>"; };
		93D522861CE0EA0900A864B8 /* Base */ = {isa = PBXFileReference; lastKnownFileType = file.storyboard; name = Base; path = Base.lproj/LaunchScreen.storyboard; sourceTree = "<group>"; };
		93D522881CE0EA0900A864B8 /* Info.plist */ = {isa = PBXFileReference; lastKnownFileType = text.plist.xml; path = Info.plist; sourceTree = "<group>"; };
		93D5228D1CE0EA0900A864B8 /* bombTests.xctest */ = {isa = PBXFileReference; explicitFileType = wrapper.cfbundle; includeInIndex = 0; path = bombTests.xctest; sourceTree = BUILT_PRODUCTS_DIR; };
		93D522911CE0EA0900A864B8 /* bombTests.swift */ = {isa = PBXFileReference; lastKnownFileType = sourcecode.swift; path = bombTests.swift; sourceTree = "<group>"; };
		93D522931CE0EA0900A864B8 /* Info.plist */ = {isa = PBXFileReference; lastKnownFileType = text.plist.xml; path = Info.plist; sourceTree = "<group>"; };
		93D522981CE0EA0900A864B8 /* bombUITests.xctest */ = {isa = PBXFileReference; explicitFileType = wrapper.cfbundle; includeInIndex = 0; path = bombUITests.xctest; sourceTree = BUILT_PRODUCTS_DIR; };
		93D5229C1CE0EA0900A864B8 /* bombUITests.swift */ = {isa = PBXFileReference; lastKnownFileType = sourcecode.swift; path = bombUITests.swift; sourceTree = "<group>"; };
		93D5229E1CE0EA0900A864B8 /* Info.plist */ = {isa = PBXFileReference; lastKnownFileType = text.plist.xml; path = Info.plist; sourceTree = "<group>"; };
/* End PBXFileReference section */

/* Begin PBXFrameworksBuildPhase section */
		93D522761CE0EA0900A864B8 /* Frameworks */ = {
			isa = PBXFrameworksBuildPhase;
			buildActionMask = 2147483647;
			files = (
			);
			runOnlyForDeploymentPostprocessing = 0;
		};
		93D5228A1CE0EA0900A864B8 /* Frameworks */ = {
			isa = PBXFrameworksBuildPhase;
			buildActionMask = 2147483647;
			files = (
			);
			runOnlyForDeploymentPostprocessing = 0;
		};
		93D522951CE0EA0900A864B8 /* Frameworks */ = {
			isa = PBXFrameworksBuildPhase;
			buildActionMask = 2147483647;
			files = (
			);
			runOnlyForDeploymentPostprocessing = 0;
		};
/* End PBXFrameworksBuildPhase section */

/* Begin PBXGroup section */
		93D522701CE0EA0800A864B8 = {
			isa = PBXGroup;
			children = (
				93D5227B1CE0EA0900A864B8 /* bomb */,
				93D522901CE0EA0900A864B8 /* bombTests */,
				93D5229B1CE0EA0900A864B8 /* bombUITests */,
				93D5227A1CE0EA0900A864B8 /* Products */,
			);
			sourceTree = "<group>";
		};
		93D5227A1CE0EA0900A864B8 /* Products */ = {
			isa = PBXGroup;
			children = (
				93D522791CE0EA0900A864B8 /* bomb.app */,
				93D5228D1CE0EA0900A864B8 /* bombTests.xctest */,
				93D522981CE0EA0900A864B8 /* bombUITests.xctest */,
			);
			name = Products;
			sourceTree = "<group>";
		};
		93D5227B1CE0EA0900A864B8 /* bomb */ = {
			isa = PBXGroup;
			children = (
				93D5227C1CE0EA0900A864B8 /* AppDelegate.swift */,
				93D5227E1CE0EA0900A864B8 /* ViewController.swift */,
				93D522801CE0EA0900A864B8 /* Main.storyboard */,
				93D522831CE0EA0900A864B8 /* Assets.xcassets */,
				93D522851CE0EA0900A864B8 /* LaunchScreen.storyboard */,
				93D522881CE0EA0900A864B8 /* Info.plist */,
			);
			path = bomb;
			sourceTree = "<group>";
		};
		93D522901CE0EA0900A864B8 /* bombTests */ = {
			isa = PBXGroup;
			children = (
				93D522911CE0EA0900A864B8 /* bombTests.swift */,
				93D522931CE0EA0900A864B8 /* Info.plist */,
			);
			path = bombTests;
			sourceTree = "<group>";
		};
		93D5229B1CE0EA0900A864B8 /* bombUITests */ = {
			isa = PBXGroup;
			children = (
				93D5229C1CE0EA0900A864B8 /* bombUITests.swift */,
				93D5229E1CE0EA0900A864B8 /* Info.plist */,
			);
			path = bombUITests;
			sourceTree = "<group>";
		};
/* End PBXGroup section */

/* Begin PBXNativeTarget section */
		93D522781CE0EA0900A864B8 /* bomb */ = {
			isa = PBXNativeTarget;
			buildConfigurationList = 93D522A11CE0EA0900A864B8 /* Build configuration list for PBXNativeTarget "bomb" */;
			buildPhases = (
				93D522751CE0EA0900A864B8 /* Sources */,
				93D522761CE0EA0900A864B8 /* Frameworks */,
				93D522771CE0EA0900A864B8 /* Resources */,
			);
			buildRules = (
			);
			dependencies = (
			);
			name = bomb;
			productName = bomb;
			productReference = 93D522791CE0EA0900A864B8 /* bomb.app */;
			productType = "com.apple.product-type.application";
		};
		93D5228C1CE0EA0900A864B8 /* bombTests */ = {
			isa = PBXNativeTarget;
			buildConfigurationList = 93D522A41CE0EA0900A864B8 /* Build configuration list for PBXNativeTarget "bombTests" */;
			buildPhases = (
				93D522891CE0EA0900A864B8 /* Sources */,
				93D5228A1CE0EA0900A864B8 /* Frameworks */,
				93D5228B1CE0EA0900A864B8 /* Resources */,
			);
			buildRules = (
			);
			dependencies = (
				93D5228F1CE0EA0900A864B8 /* PBXTargetDependency */,
			);
			name = bombTests;
			productName = bombTests;
			productReference = 93D5228D1CE0EA0900A864B8 /* bombTests.xctest */;
			productType = "com.apple.product-type.bundle.unit-test";
		};
		93D522971CE0EA0900A864B8 /* bombUITests */ = {
			isa = PBXNativeTarget;
			buildConfigurationList = 93D522A71CE0EA0900A864B8 /* Build configuration list for PBXNativeTarget "bombUITests" */;
			buildPhases = (
				93D522941CE0EA0900A864B8 /* Sources */,
				93D522951CE0EA0900A864B8 /* Frameworks */,
				93D522961CE0EA0900A864B8 /* Resources */,
			);
			buildRules = (
			);
			dependencies = (
				93D5229A1CE0EA0900A864B8 /* PBXTargetDependency */,
			);
			name = bombUITests;
			productName = bombUITests;
			productReference = 93D522981CE0EA0900A864B8 /* bombUITests.xctest */;
			productType = "com.apple.product-type.bundle.ui-testing";
		};
/* End PBXNativeTarget section */

/* Begin PBXProject section */
		93D522711CE0EA0800A864B8 /* Project object */ = {
			isa = PBXProject;
			attributes = {
				LastSwiftUpdateCheck = 0730;
				LastUpgradeCheck = 0730;
				ORGANIZATIONNAME = "Purit Hemwadee";
				TargetAttributes = {
					93D522781CE0EA0900A864B8 = {
						CreatedOnToolsVersion = 7.3.1;
					};
					93D5228C1CE0EA0900A864B8 = {
						CreatedOnToolsVersion = 7.3.1;
						TestTargetID = 93D522781CE0EA0900A864B8;
					};
					93D522971CE0EA0900A864B8 = {
						CreatedOnToolsVersion = 7.3.1;
						TestTargetID = 93D522781CE0EA0900A864B8;
					};
				};
			};
			buildConfigurationList = 93D522741CE0EA0800A864B8 /* Build configuration list for PBXProject "bomb" */;
			compatibilityVersion = "Xcode 3.2";
			developmentRegion = English;
			hasScannedForEncodings = 0;
			knownRegions = (
				en,
				Base,
			);
			mainGroup = 93D522701CE0EA0800A864B8;
			productRefGroup = 93D5227A1CE0EA0900A864B8 /* Products */;
			projectDirPath = "";
			projectRoot = "";
			targets = (
				93D522781CE0EA0900A864B8 /* bomb */,
				93D5228C1CE0EA0900A864B8 /* bombTests */,
				93D522971CE0EA0900A864B8 /* bombUITests */,
			);
		};
/* End PBXProject section */

/* Begin PBXResourcesBuildPhase section */
		93D522771CE0EA0900A864B8 /* Resources */ = {
			isa = PBXResourcesBuildPhase;
			buildActionMask = 2147483647;
			files = (
				93D522871CE0EA0900A864B8 /* LaunchScreen.storyboard in Resources */,
				93D522841CE0EA0900A864B8 /* Assets.xcassets in Resources */,
				93D522821CE0EA0900A864B8 /* Main.storyboard in Resources */,
			);
			runOnlyForDeploymentPostprocessing = 0;
		};
		93D5228B1CE0EA0900A864B8 /* Resources */ = {
			isa = PBXResourcesBuildPhase;
			buildActionMask = 2147483647;
			files = (
			);
			runOnlyForDeploymentPostprocessing = 0;
		};
		93D522961CE0EA0900A864B8 /* Resources */ = {
			isa = PBXResourcesBuildPhase;
			buildActionMask = 2147483647;
			files = (
			);
			runOnlyForDeploymentPostprocessing = 0;
		};
/* End PBXResourcesBuildPhase section */

/* Begin PBXSourcesBuildPhase section */
		93D522751CE0EA0900A864B8 /* Sources */ = {
			isa = PBXSourcesBuildPhase;
			buildActionMask = 2147483647;
			files = (
				93D5227F1CE0EA0900A864B8 /* ViewController.swift in Sources */,
				93D5227D1CE0EA0900A864B8 /* AppDelegate.swift in Sources */,
			);
			runOnlyForDeploymentPostprocessing = 0;
		};
		93D522891CE0EA0900A864B8 /* Sources */ = {
			isa = PBXSourcesBuildPhase;
			buildActionMask = 2147483647;
			files = (
				93D522921CE0EA0900A864B8 /* bombTests.swift in Sources */,
			);
			runOnlyForDeploymentPostprocessing = 0;
		};
		93D522941CE0EA0900A864B8 /* Sources */ = {
			isa = PBXSourcesBuildPhase;
			buildActionMask = 2147483647;
			files = (
				93D5229D1CE0EA0900A864B8 /* bombUITests.swift in Sources */,
			);
			runOnlyForDeploymentPostprocessing = 0;
		};
/* End PBXSourcesBuildPhase section */

/* Begin PBXTargetDependency section */
		93D5228F1CE0EA0900A864B8 /* PBXTargetDependency */ = {
			isa = PBXTargetDependency;
			target = 93D522781CE0EA0900A864B8 /* bomb */;
			targetProxy = 93D5228E1CE0EA0900A864B8 /* PBXContainerItemProxy */;
		};
		93D5229A1CE0EA0900A864B8 /* PBXTargetDependency */ = {
			isa = PBXTargetDependency;
			target = 93D522781CE0EA0900A864B8 /* bomb */;
			targetProxy = 93D522991CE0EA0900A864B8 /* PBXContainerItemProxy */;
		};
/* End PBXTargetDependency section */

/* Begin PBXVariantGroup section */
		93D522801CE0EA0900A864B8 /* Main.storyboard */ = {
			isa = PBXVariantGroup;
			children = (
				93D522811CE0EA0900A864B8 /* Base */,
			);
			name = Main.storyboard;
			sourceTree = "<group>";
		};
		93D522851CE0EA0900A864B8 /* LaunchScreen.storyboard */ = {
			isa = PBXVariantGroup;
			children = (
				93D522861CE0EA0900A864B8 /* Base */,
			);
			name = LaunchScreen.storyboard;
			sourceTree = "<group>";
		};
/* End PBXVariantGroup section */

/* Begin XCBuildConfiguration section */
		93D5229F1CE0EA0900A864B8 /* Debug */ = {
			isa = XCBuildConfiguration;
			buildSettings = {
				ALWAYS_SEARCH_USER_PATHS = NO;
				CLANG_ANALYZER_NONNULL = YES;
				CLANG_CXX_LANGUAGE_STANDARD = "gnu++0x";
				CLANG_CXX_LIBRARY = "libc++";
				CLANG_ENABLE_MODULES = YES;
				CLANG_ENABLE_OBJC_ARC = YES;
				CLANG_WARN_BOOL_CONVERSION = YES;
				CLANG_WARN_CONSTANT_CONVERSION = YES;
				CLANG_WARN_DIRECT_OBJC_ISA_USAGE = YES_ERROR;
				CLANG_WARN_EMPTY_BODY = YES;
				CLANG_WARN_ENUM_CONVERSION = YES;
				CLANG_WARN_INT_CONVERSION = YES;
				CLANG_WARN_OBJC_ROOT_CLASS = YES_ERROR;
				CLANG_WARN_UNREACHABLE_CODE = YES;
				CLANG_WARN__DUPLICATE_METHOD_MATCH = YES;
				"CODE_SIGN_IDENTITY[sdk=iphoneos*]" = "iPhone Developer";
				COPY_PHASE_STRIP = NO;
				DEBUG_INFORMATION_FORMAT = dwarf;
				ENABLE_STRICT_OBJC_MSGSEND = YES;
				ENABLE_TESTABILITY = YES;
				GCC_C_LANGUAGE_STANDARD = gnu99;
				GCC_DYNAMIC_NO_PIC = NO;
				GCC_NO_COMMON_BLOCKS = YES;
				GCC_OPTIMIZATION_LEVEL = 0;
				GCC_PREPROCESSOR_DEFINITIONS = (
					"DEBUG=1",
					"$(inherited)",
				);
				GCC_WARN_64_TO_32_BIT_CONVERSION = YES;
				GCC_WARN_ABOUT_RETURN_TYPE = YES_ERROR;
				GCC_WARN_UNDECLARED_SELECTOR = YES;
				GCC_WARN_UNINITIALIZED_AUTOS = YES_AGGRESSIVE;
				GCC_WARN_UNUSED_FUNCTION = YES;
				GCC_WARN_UNUSED_VARIABLE = YES;
				IPHONEOS_DEPLOYMENT_TARGET = 9.3;
				MTL_ENABLE_DEBUG_INFO = YES;
				ONLY_ACTIVE_ARCH = YES;
				SDKROOT = iphoneos;
				SWIFT_OPTIMIZATION_LEVEL = "-Onone";
			};
			name = Debug;
		};
		93D522A01CE0EA0900A864B8 /* Release */ = {
			isa = XCBuildConfiguration;
			buildSettings = {
				ALWAYS_SEARCH_USER_PATHS = NO;
				CLANG_ANALYZER_NONNULL = YES;
				CLANG_CXX_LANGUAGE_STANDARD = "gnu++0x";
				CLANG_CXX_LIBRARY = "libc++";
				CLANG_ENABLE_MODULES = YES;
				CLANG_ENABLE_OBJC_ARC = YES;
				CLANG_WARN_BOOL_CONVERSION = YES;
				CLANG_WARN_CONSTANT_CONVERSION = YES;
				CLANG_WARN_DIRECT_OBJC_ISA_USAGE = YES_ERROR;
				CLANG_WARN_EMPTY_BODY = YES;
				CLANG_WARN_ENUM_CONVERSION = YES;
				CLANG_WARN_INT_CONVERSION = YES;
				CLANG_WARN_OBJC_ROOT_CLASS = YES_ERROR;
				CLANG_WARN_UNREACHABLE_CODE = YES;
				CLANG_WARN__DUPLICATE_METHOD_MATCH = YES;
				"CODE_SIGN_IDENTITY[sdk=iphoneos*]" = "iPhone Developer";
				COPY_PHASE_STRIP = NO;
				DEBUG_INFORMATION_FORMAT = "dwarf-with-dsym";
				ENABLE_NS_ASSERTIONS = NO;
				ENABLE_STRICT_OBJC_MSGSEND = YES;
				GCC_C_LANGUAGE_STANDARD = gnu99;
				GCC_NO_COMMON_BLOCKS = YES;
				GCC_WARN_64_TO_32_BIT_CONVERSION = YES;
				GCC_WARN_ABOUT_RETURN_TYPE = YES_ERROR;
				GCC_WARN_UNDECLARED_SELECTOR = YES;
				GCC_WARN_UNINITIALIZED_AUTOS = YES_AGGRESSIVE;
				GCC_WARN_UNUSED_FUNCTION = YES;
				GCC_WARN_UNUSED_VARIABLE = YES;
				IPHONEOS_DEPLOYMENT_TARGET = 9.3;
				MTL_ENABLE_DEBUG_INFO = NO;
				SDKROOT = iphoneos;
				VALIDATE_PRODUCT = YES;
			};
			name = Release;
		};
		93D522A21CE0EA0900A864B8 /* Debug */ = {
			isa = XCBuildConfiguration;
			buildSettings = {
				ASSETCATALOG_COMPILER_APPICON_NAME = AppIcon;
				INFOPLIST_FILE = bomb/Info.plist;
				LD_RUNPATH_SEARCH_PATHS = "$(inherited) @executable_path/Frameworks";
				PRODUCT_BUNDLE_IDENTIFIER = com.teezydesign.bomb;
				PRODUCT_NAME = "$(TARGET_NAME)";
			};
			name = Debug;
		};
		93D522A31CE0EA0900A864B8 /* Release */ = {
			isa = XCBuildConfiguration;
			buildSettings = {
				ASSETCATALOG_COMPILER_APPICON_NAME = AppIcon;
				INFOPLIST_FILE = bomb/Info.plist;
				LD_RUNPATH_SEARCH_PATHS = "$(inherited) @executable_path/Frameworks";
				PRODUCT_BUNDLE_IDENTIFIER = com.teezydesign.bomb;
				PRODUCT_NAME = "$(TARGET_NAME)";
			};
			name = Release;
		};
		93D522A51CE0EA0900A864B8 /* Debug */ = {
			isa = XCBuildConfiguration;
			buildSettings = {
				BUNDLE_LOADER = "$(TEST_HOST)";
				INFOPLIST_FILE = bombTests/Info.plist;
				LD_RUNPATH_SEARCH_PATHS = "$(inherited) @executable_path/Frameworks @loader_path/Frameworks";
				PRODUCT_BUNDLE_IDENTIFIER = com.teezydesign.bombTests;
				PRODUCT_NAME = "$(TARGET_NAME)";
				TEST_HOST = "$(BUILT_PRODUCTS_DIR)/bomb.app/bomb";
			};
			name = Debug;
		};
		93D522A61CE0EA0900A864B8 /* Release */ = {
			isa = XCBuildConfiguration;
			buildSettings = {
				BUNDLE_LOADER = "$(TEST_HOST)";
				INFOPLIST_FILE = bombTests/Info.plist;
				LD_RUNPATH_SEARCH_PATHS = "$(inherited) @executable_path/Frameworks @loader_path/Frameworks";
				PRODUCT_BUNDLE_IDENTIFIER = com.teezydesign.bombTests;
				PRODUCT_NAME = "$(TARGET_NAME)";
				TEST_HOST = "$(BUILT_PRODUCTS_DIR)/bomb.app/bomb";
			};
			name = Release;
		};
		93D522A81CE0EA0900A864B8 /* Debug */ = {
			isa = XCBuildConfiguration;
			buildSettings = {
				INFOPLIST_FILE = bombUITests/Info.plist;
				LD_RUNPATH_SEARCH_PATHS = "$(inherited) @executable_path/Frameworks @loader_path/Frameworks";
				PRODUCT_BUNDLE_IDENTIFIER = com.teezydesign.bombUITests;
				PRODUCT_NAME = "$(TARGET_NAME)";
				TEST_TARGET_NAME = bomb;
			};
			name = Debug;
		};
		93D522A91CE0EA0900A864B8 /* Release */ = {
			isa = XCBuildConfiguration;
			buildSettings = {
				INFOPLIST_FILE = bombUITests/Info.plist;
				LD_RUNPATH_SEARCH_PATHS = "$(inherited) @executable_path/Frameworks @loader_path/Frameworks";
				PRODUCT_BUNDLE_IDENTIFIER = com.teezydesign.bombUITests;
				PRODUCT_NAME = "$(TARGET_NAME)";
				TEST_TARGET_NAME = bomb;
			};
			name = Release;
		};
/* End XCBuildConfiguration section */

/* Begin XCConfigurationList section */
		93D522741CE0EA0800A864B8 /* Build configuration list for PBXProject "bomb" */ = {
			isa = XCConfigurationList;
			buildConfigurations = (
				93D5229F1CE0EA0900A864B8 /* Debug */,
				93D522A01CE0EA0900A864B8 /* Release */,
			);
			defaultConfigurationIsVisible = 0;
			defaultConfigurationName = Release;
		};
		93D522A11CE0EA0900A864B8 /* Build configuration list for PBXNativeTarget "bomb" */ = {
			isa = XCConfigurationList;
			buildConfigurations = (
				93D522A21CE0EA0900A864B8 /* Debug */,
				93D522A31CE0EA0900A864B8 /* Release */,
			);
			defaultConfigurationIsVisible = 0;
		};
		93D522A41CE0EA0900A864B8 /* Build configuration list for PBXNativeTarget "bombTests" */ = {
			isa = XCConfigurationList;
			buildConfigurations = (
				93D522A51CE0EA0900A864B8 /* Debug */,
				93D522A61CE0EA0900A864B8 /* Release */,
			);
			defaultConfigurationIsVisible = 0;
		};
		93D522A71CE0EA0900A864B8 /* Build configuration list for PBXNativeTarget "bombUITests" */ = {
			isa = XCConfigurationList;
			buildConfigurations = (
				93D522A81CE0EA0900A864B8 /* Debug */,
				93D522A91CE0EA0900A864B8 /* Release */,
			);
			defaultConfigurationIsVisible = 0;
		};
/* End XCConfigurationList section */
	};
	rootObject = 93D522711CE0EA0800A864B8 /* Project object */;
}
